
Microsoft Visual Studio Solution File, Format Version 12.00
# Visual Studio Version 17
VisualStudioVersion = 17.2.32516.85
MinimumVisualStudioVersion = 10.0.40219.1
Project("{FAE04EC0-301F-11D3-BF4B-00C04F79EFBC}") = "FirstExample", "FirstExample\FirstExample.csproj", "{4776B969-320E-4945-AC5B-F2A37F11646B}"
EndProject
Global
	GlobalSection(SolutionConfigurationPlatforms) = preSolution
		Debug|Any CPU = Debug|Any CPU
		Release|Any CPU = Release|Any CPU
	EndGlobalSection
	GlobalSection(ProjectConfigurationPlatforms) = postSolution
		{4776B969-320E-4945-AC5B-F2A37F11646B}.Debug|Any CPU.ActiveCfg = Debug|Any CPU
		{4776B969-320E-4945-AC5B-F2A37F11646B}.Debug|Any CPU.Build.0 = Debug|Any CPU
		{4776B969-320E-4945-AC5B-F2A37F11646B}.Release|Any CPU.ActiveCfg = Release|Any CPU
		{4776B969-320E-4945-AC5B-F2A37F11646B}.Release|Any CPU.Build.0 = Release|Any CPU
	EndGlobalSection
	GlobalSection(SolutionProperties) = preSolution
		HideSolutionNode = FALSE
	EndGlobalSection
	GlobalSection(ExtensibilityGlobals) = postSolution
		SolutionGuid = {CEACA736-E318-45D4-827E-8E94410B21C8}
	EndGlobalSection
EndGlobal
